// !$*UTF8*$!
{
	archiveVersion = 1;
	classes = {
	};
	objectVersion = 38;
	objects = {
		01F12F4CFEC8CE2211DB9C8B = {
			buildStyles = (
				0E20B662001FAFA711DB9C8B,
				0E20B663001FAFA711DB9C8B,
			);
			hasScannedForEncodings = 1;
			isa = PBXProject;
			mainGroup = 01F12F4DFEC8CE2211DB9C8B;
			productRefGroup = 01F12F4FFEC8CEF111DB9C8B;
			projectDirPath = "";
			targets = (
				1601BCDBFEEE210811DB9C8B,
			);
		};
		01F12F4DFEC8CE2211DB9C8B = {
			children = (
				6A9C778D023ECD530CC91562,
				01F12F4FFEC8CEF111DB9C8B,
				F8EE90F804D6A73600FA4796,
			);
			isa = PBXGroup;
			refType = 4;
		};
		01F12F4FFEC8CEF111DB9C8B = {
			children = (
				06D05853FF24F2DB11DB9C8B,
			);
			isa = PBXGroup;
			name = Products;
			refType = 4;
		};
//010
//011
//012
//013
//014
//060
//061
//062
//063
//064
		06D05853FF24F2DB11DB9C8B = {
			isa = PBXApplicationReference;
			path = Klimt.app;
			refType = 3;
		};
//060
//061
//062
//063
//064
//0E0
//0E1
//0E2
//0E3
//0E4
		0E20B662001FAFA711DB9C8B = {
			buildRules = (
			);
			buildSettings = {
				COPY_PHASE_STRIP = NO;
			};
			isa = PBXBuildStyle;
			name = Development;
		};
		0E20B663001FAFA711DB9C8B = {
			buildRules = (
			);
			buildSettings = {
				COPY_PHASE_STRIP = YES;
			};
			isa = PBXBuildStyle;
			name = Deployment;
		};
//0E0
//0E1
//0E2
//0E3
//0E4
//100
//101
//102
//103
//104
		10F9BF62FEEDA25E11DB9C8B = {
			isa = PBXFileReference;
			path = Klimt.icns;
			refType = 2;
		};
//100
//101
//102
//103
//104
//160
//161
//162
//163
//164
		1601BCDBFEEE210811DB9C8B = {
			buildPhases = (
				1601BCDCFEEE210811DB9C8B,
				1601BCDEFEEE210811DB9C8B,
				1601BCDFFEEE210811DB9C8B,
				1601BCE2FEEE210811DB9C8B,
				6A88643101E695080CC91562,
			);
			buildSettings = {
				JAVA_ARCHIVE_COMPRESSION = YES;
				JAVA_COMPILER = /usr/bin/javac;
				JAVA_COMPILER_TARGET_VM_VERSION = 1.3;
				JAVA_MANIFEST_FILE = Klimt.mft;
				JAVA_ONLY = YES;
				JAVA_SOURCE_SUBDIR = .;
				PRODUCT_NAME = Klimt;
			};
			dependencies = (
			);
			isa = PBXApplicationTarget;
			name = Klimt;
			productName = Klimt;
			productReference = 06D05853FF24F2DB11DB9C8B;
			productSettingsXML = "<?xml version=\"1.0\" encoding=\"UTF-8\"?>
<!DOCTYPE plist PUBLIC \"-//Apple Computer//DTD PLIST 1.0//EN\" \"http://www.apple.com/DTDs/PropertyList-1.0.dtd\">
<plist version=\"1.0\">
<dict>
	<key>CFBundleDevelopmentRegion</key>
	<string>English</string>
	<key>CFBundleDocumentTypes</key>
	<array>
		<dict>
			<key>CFBundleTypeExtensions</key>
			<array>
				<string>txt</string>
				<string>data</string>
				<string>x</string>
				<string>y</string>
				<string>tsv</string>
				<string>rds</string>
			</array>
			<key>CFBundleTypeName</key>
			<string>Data Files</string>
			<key>CFBundleTypeRole</key>
			<string>Viewer</string>
		</dict>
	</array>
	<key>CFBundleExecutable</key>
	<string>Klimt</string>
	<key>CFBundleGetInfoString</key>
	<string>Klimt v.0.98</string>
	<key>CFBundleIconFile</key>
	<string>Klimt.icns</string>
	<key>CFBundleIdentifier</key>
	<string>org.rosuda.klimt</string>
	<key>CFBundleInfoDictionaryVersion</key>
	<string>6.0</string>
	<key>CFBundleName</key>
	<string>Klimt</string>
	<key>CFBundlePackageType</key>
	<string>APPL</string>
	<key>CFBundleShortVersionString</key>
	<string>0.98</string>
	<key>CFBundleSignature</key>
	<string>????</string>
	<key>CFBundleVersion</key>
	<string>0.98</string>
	<key>Java</key>
	<dict>
		<key>ClassPath</key>
		<string>$JAVAROOT/Klimt.jar</string>
		<key>MainClass</key>
		<string>org.rosuda.klimt.Klimt</string>
		<key>Properties</key>
		<dict>
			<key>com.apple.macos.useScreenMenuBar</key>
			<string>true</string>
			<key>com.apple.mrj.application.apple.menu.about.name</key>
			<string>Klimt</string>
		</dict>
		<key>VMOptions</key>
		<string>-Xmx512m</string>
		<key>WorkingDirectory</key>
		<string>$APP_PACKAGE/Contents/Resources/Java</string>
	</dict>
	<key>NSJavaNeeded</key>
	<string>YES</string>
	<key>NSJavaPath</key>
	<array>
		<string>Klimt.jar</string>
	</array>
	<key>NSJavaRoot</key>
	<string>Contents/Resources/Java</string>
</dict>
</plist>
";
		};
		1601BCDCFEEE210811DB9C8B = {
			buildActionMask = 2147483647;
			files = (
				F8EE912704D6A73700FA4796,
				F8EE912804D6A73700FA4796,
				F8EE912904D6A73700FA4796,
				F8EE912A04D6A73700FA4796,
				F8EE912B04D6A73700FA4796,
				F8EE912C04D6A73700FA4796,
				F8EE912D04D6A73700FA4796,
				F8EE912E04D6A73700FA4796,
				F8EE912F04D6A73700FA4796,
				F8EE913004D6A73700FA4796,
				F8EE913104D6A73700FA4796,
				F8EE913204D6A73700FA4796,
				F8EE913304D6A73700FA4796,
				F8EE913404D6A73700FA4796,
				F8EE913504D6A73700FA4796,
				F8EE913604D6A73700FA4796,
				F8EE913704D6A73700FA4796,
				F8EE913804D6A73700FA4796,
				F8EE913904D6A73700FA4796,
				F8EE913A04D6A73700FA4796,
				F8EE913B04D6A73700FA4796,
				F8EE913C04D6A73700FA4796,
				F8EE913D04D6A73700FA4796,
				F8EE914304D6A73700FA4796,
				F8EE914404D6A73700FA4796,
				F8EE914504D6A73700FA4796,
				F8EE914604D6A73700FA4796,
				F8EE914704D6A73700FA4796,
				F8EE914804D6A73700FA4796,
				F8EE914904D6A73700FA4796,
				F8EE914B04D6A8E600FA4796,
				F8EE914D04D6A94500FA4796,
				F8EE914F04D6A9A700FA4796,
				1CE96E4C04D6D6B300A8030F,
				1CE96E4E04D6D71D00A8030F,
				1CE96E5004D6D75200A8030F,
				1CE96E5304D6D86100A8030F,
				1CE96E5404D6D86100A8030F,
				1CE96E5604D6D8F500A8030F,
				1CE96E5904D6D95900A8030F,
				1CE96E5A04D6D95900A8030F,
				1CE96E5C04D6DA8000A8030F,
				1CE96E5E04D6DBC800A8030F,
				1CE96E6004D6DCFA00A8030F,
				1CE96E6404D6E13D00A8030F,
				1CE96E6F04D7D99D00A8030F,
				1CE96E7004D7D99D00A8030F,
				1CE96E7104D7D99D00A8030F,
				1CE96E7204D7D99D00A8030F,
				1CE96E7304D7D99D00A8030F,
				1CE96E7404D7D99D00A8030F,
				1CE96E7504D7D99D00A8030F,
				1CE96E7604D7D99D00A8030F,
				1CE96E7704D7D99D00A8030F,
				1CE96E7904D7E7BA00A8030F,
				1CE96E7B04D7E9D300A8030F,
				1CE96E7E04D7ED0900A8030F,
				1CE96E8004D7EE4B00A8030F,
				1CE96E8204D7F47400A8030F,
				1CE96E8404D7F74100A8030F,
				1CE96E8804D8003800A8030F,
				1CE96E9004D8010600A8030F,
				1CE96E9104D8010600A8030F,
				1CE96E9204D8010600A8030F,
				1CE96E9304D8010600A8030F,
				1CE96E9404D8010600A8030F,
				1CE96E9504D8010600A8030F,
				1CE96E9704D8024000A8030F,
				1CE96E9904D8026C00A8030F,
				1CE96E9B04D8036F00A8030F,
				1CE96FF104D808CA00A8030F,
				1CE96FF304D80BD100A8030F,
				1CE96FF504D80DC700A8030F,
				1CA4330D04D814C200A8030F,
				1CA4330E04D814C200A8030F,
				1CA4330F04D814C200A8030F,
				1CA4331004D814C200A8030F,
				1CA4331204D814C200A8030F,
				1CA4331304D814C200A8030F,
				1CA4331404D814C200A8030F,
				1CA4331604D814C200A8030F,
				1CA4331A04D8184500A8030F,
				1CA4331E04D819B900A8030F,
				1CA4332004D81D3700A8030F,
				1CA4332404D820AA00A8030F,
				1CA4332604D823AE00A8030F,
				1CA4332804D8292E00A8030F,
				1CA4332A04D830E500A8030F,
				1CA4332E04D8403200A8030F,
				1CA4333004D840DD00A8030F,
				1C37F18004D84ADE00A8030F,
				1C37F18404D84C3000A8030F,
				1C37F18604D85C5F00A8030F,
				1C37F18A04D8681400A8030F,
				1C4A15D304D93C2000A8030F,
				1C4A15D604D93F5E00A8030F,
				1C4A15D704D93F5E00A8030F,
				1C8CDCB604F2AF8600A8030F,
				1C4BC7D7052F03BB00A8030F,
				1C8656BE055935AE00A8030F,
				1C8656BF055935AE00A8030F,
				1C8656C0055935AE00A8030F,
				1C8656C1055935AE00A8030F,
				1C8656C3055935FB00A8030F,
				1C98B804056C1F9000796AE6,
				1C98B805056C1F9000796AE6,
				1C5ECE4B056D4FE700582247,
				1C5ECE4C056D4FE700582247,
				1C5ECE4D056D4FE700582247,
				1C5ECE4E056D4FE700582247,
				1C5ECE4F056D4FE700582247,
				1C5ECE50056D4FE700582247,
				1C5ECE51056D4FE700582247,
				1C5ECE52056D4FE700582247,
				1CD07DE1057D961400E3263B,
				1CD07DE5057E55D000E3263B,
				1CD07DE7057E58B200E3263B,
				1C188143058418A0004683DA,
				1C166471058E084200A30C14,
				1C993596058F776F0040221D,
				F8D5EAB405C527D300071680,
				1C9A86D00661736700FA73AE,
				1C9A86D10661736700FA73AE,
				1C9A86D40661738000FA73AE,
				1C9A86D50661738000FA73AE,
				1C9A86DA066173CC00FA73AE,
				1C9A86DB066173CC00FA73AE,
				1C9A86DC066173CC00FA73AE,
				1C9A86DD066173CC00FA73AE,
			);
			isa = PBXSourcesBuildPhase;
			runOnlyForDeploymentPostprocessing = 0;
		};
		1601BCDEFEEE210811DB9C8B = {
			buildActionMask = 2147483647;
			files = (
				1C37F18804D85FE600A8030F,
				1CC795E2055965C100A8030F,
			);
			isa = PBXJavaArchiveBuildPhase;
			runOnlyForDeploymentPostprocessing = 0;
		};
		1601BCDFFEEE210811DB9C8B = {
			buildActionMask = 2147483647;
			files = (
				1601BCE0FEEE210811DB9C8B,
			);
			isa = PBXResourcesBuildPhase;
			runOnlyForDeploymentPostprocessing = 0;
		};
		1601BCE0FEEE210811DB9C8B = {
			fileRef = 10F9BF62FEEDA25E11DB9C8B;
			isa = PBXBuildFile;
			settings = {
			};
		};
		1601BCE2FEEE210811DB9C8B = {
			buildActionMask = 2147483647;
			files = (
			);
			isa = PBXFrameworksBuildPhase;
			runOnlyForDeploymentPostprocessing = 0;
		};
//160
//161
//162
//163
//164
//1C0
//1C1
//1C2
//1C3
//1C4
		1C166470058E084200A30C14 = {
			fileEncoding = 30;
			isa = PBXFileReference;
			path = PPrimHam.java;
			refType = 4;
		};
		1C166471058E084200A30C14 = {
			fileRef = 1C166470058E084200A30C14;
			isa = PBXBuildFile;
			settings = {
			};
		};
		1C1881420584189F004683DA = {
			fileEncoding = 4;
			isa = PBXFileReference;
			path = Platform.java;
			refType = 4;
		};
		1C188143058418A0004683DA = {
			fileRef = 1C1881420584189F004683DA;
			isa = PBXBuildFile;
			settings = {
			};
		};
		1C37F17F04D84ADE00A8030F = {
			fileEncoding = 4;
			isa = PBXFileReference;
			path = HistCanvasEx.java;
			refType = 4;
		};
		1C37F18004D84ADE00A8030F = {
			fileRef = 1C37F17F04D84ADE00A8030F;
			isa = PBXBuildFile;
			settings = {
			};
		};
		1C37F18304D84C3000A8030F = {
			fileEncoding = 4;
			isa = PBXFileReference;
			path = NodeMarker.java;
			refType = 4;
		};
		1C37F18404D84C3000A8030F = {
			fileRef = 1C37F18304D84C3000A8030F;
			isa = PBXBuildFile;
			settings = {
			};
		};
		1C37F18504D85C5F00A8030F = {
			fileEncoding = 30;
			isa = PBXFileReference;
			path = HistCanvas.java;
			refType = 4;
		};
		1C37F18604D85C5F00A8030F = {
			fileRef = 1C37F18504D85C5F00A8030F;
			isa = PBXBuildFile;
			settings = {
			};
		};
		1C37F18704D85FE600A8030F = {
			isa = PBXFileReference;
			path = splash.jpg;
			refType = 2;
		};
		1C37F18804D85FE600A8030F = {
			fileRef = 1C37F18704D85FE600A8030F;
			isa = PBXBuildFile;
			settings = {
				JAVA_ARCHIVE_SUBDIR = "";
			};
		};
		1C37F18904D8681400A8030F = {
			fileEncoding = 30;
			isa = PBXFileReference;
			path = SectScatterCanvas.java;
			refType = 4;
		};
		1C37F18A04D8681400A8030F = {
			fileRef = 1C37F18904D8681400A8030F;
			isa = PBXBuildFile;
			settings = {
			};
		};
		1C4A15D104D93C2000A8030F = {
			children = (
				1C4A15D204D93C2000A8030F,
				1CD07DE4057E55D000E3263B,
				1CD07DE6057E58B200E3263B,
			);
			isa = PBXGroup;
			path = iplots;
			refType = 4;
		};
		1C4A15D204D93C2000A8030F = {
			fileEncoding = 30;
			isa = PBXFileReference;
			path = Framework.java;
			refType = 4;
		};
		1C4A15D304D93C2000A8030F = {
			fileRef = 1C4A15D204D93C2000A8030F;
			isa = PBXBuildFile;
			settings = {
			};
		};
		1C4A15D404D93F5E00A8030F = {
			fileEncoding = 30;
			isa = PBXFileReference;
			path = PlotPolygon.java;
			refType = 4;
		};
		1C4A15D504D93F5E00A8030F = {
			fileEncoding = 30;
			isa = PBXFileReference;
			path = PlotText.java;
			refType = 4;
		};
		1C4A15D604D93F5E00A8030F = {
			fileRef = 1C4A15D404D93F5E00A8030F;
			isa = PBXBuildFile;
			settings = {
			};
		};
		1C4A15D704D93F5E00A8030F = {
			fileRef = 1C4A15D504D93F5E00A8030F;
			isa = PBXBuildFile;
			settings = {
			};
		};
		1C4BC7D6052F03BB00A8030F = {
			fileEncoding = 30;
			isa = PBXFileReference;
			path = RecentList.java;
			refType = 4;
		};
		1C4BC7D7052F03BB00A8030F = {
			fileRef = 1C4BC7D6052F03BB00A8030F;
			isa = PBXBuildFile;
			settings = {
			};
		};
		1C5ECE42056D4FE700582247 = {
			children = (
				1C5ECE43056D4FE700582247,
				1C5ECE44056D4FE700582247,
				1C5ECE45056D4FE700582247,
				1C5ECE46056D4FE700582247,
				1C5ECE47056D4FE700582247,
				1C5ECE48056D4FE700582247,
				1C5ECE49056D4FE700582247,
				1C5ECE4A056D4FE700582247,
			);
			isa = PBXGroup;
			path = iWidgets;
			refType = 4;
		};
		1C5ECE43056D4FE700582247 = {
			fileEncoding = 30;
			isa = PBXFileReference;
			path = ControlPanel.java;
			refType = 4;
		};
		1C5ECE44056D4FE700582247 = {
			fileEncoding = 30;
			isa = PBXFileReference;
			path = iButtonListener.java;
			refType = 4;
		};
		1C5ECE45056D4FE700582247 = {
			fileEncoding = 30;
			isa = PBXFileReference;
			path = InfoMessage.java;
			refType = 4;
		};
		1C5ECE46056D4FE700582247 = {
			fileEncoding = 30;
			isa = PBXFileReference;
			path = InfoPanel.java;
			refType = 4;
		};
		1C5ECE47056D4FE700582247 = {
			fileEncoding = 30;
			isa = PBXFileReference;
			path = iRadioButtonListener.java;
			refType = 4;
		};
		1C5ECE48056D4FE700582247 = {
			fileEncoding = 30;
			isa = PBXFileReference;
			path = iTextBoxListener.java;
			refType = 4;
		};
		1C5ECE49056D4FE700582247 = {
			fileEncoding = 30;
			isa = PBXFileReference;
			path = iTickBoxListener.java;
			refType = 4;
		};
		1C5ECE4A056D4FE700582247 = {
			fileEncoding = 30;
			isa = PBXFileReference;
			path = iWCommon.java;
			refType = 4;
		};
		1C5ECE4B056D4FE700582247 = {
			fileRef = 1C5ECE43056D4FE700582247;
			isa = PBXBuildFile;
			settings = {
			};
		};
		1C5ECE4C056D4FE700582247 = {
			fileRef = 1C5ECE44056D4FE700582247;
			isa = PBXBuildFile;
			settings = {
			};
		};
		1C5ECE4D056D4FE700582247 = {
			fileRef = 1C5ECE45056D4FE700582247;
			isa = PBXBuildFile;
			settings = {
			};
		};
		1C5ECE4E056D4FE700582247 = {
			fileRef = 1C5ECE46056D4FE700582247;
			isa = PBXBuildFile;
			settings = {
			};
		};
		1C5ECE4F056D4FE700582247 = {
			fileRef = 1C5ECE47056D4FE700582247;
			isa = PBXBuildFile;
			settings = {
			};
		};
		1C5ECE50056D4FE700582247 = {
			fileRef = 1C5ECE48056D4FE700582247;
			isa = PBXBuildFile;
			settings = {
			};
		};
		1C5ECE51056D4FE700582247 = {
			fileRef = 1C5ECE49056D4FE700582247;
			isa = PBXBuildFile;
			settings = {
			};
		};
		1C5ECE52056D4FE700582247 = {
			fileRef = 1C5ECE4A056D4FE700582247;
			isa = PBXBuildFile;
			settings = {
			};
		};
		1C8656BA055935AE00A8030F = {
			fileEncoding = 30;
			isa = PBXFileReference;
			path = PPrimBase.java;
			refType = 4;
		};
		1C8656BB055935AE00A8030F = {
			fileEncoding = 30;
			isa = PBXFileReference;
			path = PPrimPolygon.java;
			refType = 4;
		};
		1C8656BC055935AE00A8030F = {
			fileEncoding = 30;
			isa = PBXFileReference;
			path = PPrimRectangle.java;
			refType = 4;
		};
		1C8656BD055935AE00A8030F = {
			fileEncoding = 30;
			isa = PBXFileReference;
			path = PrefsColorFrame.java;
			refType = 4;
		};
		1C8656BE055935AE00A8030F = {
			fileRef = 1C8656BA055935AE00A8030F;
			isa = PBXBuildFile;
			settings = {
			};
		};
		1C8656BF055935AE00A8030F = {
			fileRef = 1C8656BB055935AE00A8030F;
			isa = PBXBuildFile;
			settings = {
			};
		};
		1C8656C0055935AE00A8030F = {
			fileRef = 1C8656BC055935AE00A8030F;
			isa = PBXBuildFile;
			settings = {
			};
		};
		1C8656C1055935AE00A8030F = {
			fileRef = 1C8656BD055935AE00A8030F;
			isa = PBXBuildFile;
			settings = {
			};
		};
		1C8656C2055935FB00A8030F = {
			fileEncoding = 30;
			isa = PBXFileReference;
			path = RFileOutputStream.java;
			refType = 4;
		};
		1C8656C3055935FB00A8030F = {
			fileRef = 1C8656C2055935FB00A8030F;
			isa = PBXBuildFile;
			settings = {
			};
		};
		1C8CDCB504F2AF8600A8030F = {
			fileEncoding = 30;
			isa = PBXFileReference;
			path = RSrvException.java;
			refType = 4;
		};
		1C8CDCB604F2AF8600A8030F = {
			fileRef = 1C8CDCB504F2AF8600A8030F;
			isa = PBXBuildFile;
			settings = {
			};
		};
		1C98B802056C1F9000796AE6 = {
			fileEncoding = 30;
			isa = PBXFileReference;
			path = SVarFixDouble.java;
			refType = 4;
		};
		1C98B803056C1F9000796AE6 = {
			fileEncoding = 30;
			isa = PBXFileReference;
			path = SVarObj.java;
			refType = 4;
		};
		1C98B804056C1F9000796AE6 = {
			fileRef = 1C98B802056C1F9000796AE6;
			isa = PBXBuildFile;
			settings = {
			};
		};
		1C98B805056C1F9000796AE6 = {
			fileRef = 1C98B803056C1F9000796AE6;
			isa = PBXBuildFile;
			settings = {
			};
		};
		1C993595058F776F0040221D = {
			fileEncoding = 4;
			isa = PBXFileReference;
			lineEnding = 0;
			path = KapMeCanvas.java;
			refType = 4;
		};
		1C993596058F776F0040221D = {
			fileRef = 1C993595058F776F0040221D;
			isa = PBXBuildFile;
			settings = {
			};
		};
		1C9A86CE0661736700FA73AE = {
			fileEncoding = 30;
			isa = PBXFileReference;
			path = WTentryAWT.java;
			refType = 4;
		};
		1C9A86CF0661736700FA73AE = {
			fileEncoding = 30;
			isa = PBXFileReference;
			path = WTentrySwing.java;
			refType = 4;
		};
		1C9A86D00661736700FA73AE = {
			fileRef = 1C9A86CE0661736700FA73AE;
			isa = PBXBuildFile;
			settings = {
			};
		};
		1C9A86D10661736700FA73AE = {
			fileRef = 1C9A86CF0661736700FA73AE;
			isa = PBXBuildFile;
			settings = {
			};
		};
		1C9A86D20661738000FA73AE = {
			fileEncoding = 30;
			isa = PBXFileReference;
			path = RespDialog.java;
			refType = 4;
		};
		1C9A86D30661738000FA73AE = {
			fileEncoding = 30;
			isa = PBXFileReference;
			path = SpacingPanel.java;
			refType = 4;
		};
		1C9A86D40661738000FA73AE = {
			fileRef = 1C9A86D20661738000FA73AE;
			isa = PBXBuildFile;
			settings = {
			};
		};
		1C9A86D50661738000FA73AE = {
			fileRef = 1C9A86D30661738000FA73AE;
			isa = PBXBuildFile;
			settings = {
			};
		};
		1C9A86D6066173CC00FA73AE = {
			fileEncoding = 30;
			isa = PBXFileReference;
			path = SVarDouble.java;
			refType = 4;
		};
		1C9A86D7066173CC00FA73AE = {
			fileEncoding = 30;
			isa = PBXFileReference;
			path = SVarFact.java;
			refType = 4;
		};
		1C9A86D8066173CC00FA73AE = {
			fileEncoding = 30;
			isa = PBXFileReference;
			path = SVarFixInt.java;
			refType = 4;
		};
		1C9A86D9066173CC00FA73AE = {
			fileEncoding = 30;
			isa = PBXFileReference;
			path = SVarInt.java;
			refType = 4;
		};
		1C9A86DA066173CC00FA73AE = {
			fileRef = 1C9A86D6066173CC00FA73AE;
			isa = PBXBuildFile;
			settings = {
			};
		};
		1C9A86DB066173CC00FA73AE = {
			fileRef = 1C9A86D7066173CC00FA73AE;
			isa = PBXBuildFile;
			settings = {
			};
		};
		1C9A86DC066173CC00FA73AE = {
			fileRef = 1C9A86D8066173CC00FA73AE;
			isa = PBXBuildFile;
			settings = {
			};
		};
		1C9A86DD066173CC00FA73AE = {
			fileRef = 1C9A86D9066173CC00FA73AE;
			isa = PBXBuildFile;
			settings = {
			};
		};
		1CA4330304D814C200A8030F = {
			fileEncoding = 30;
			isa = PBXFileReference;
			path = BarCanvas.java;
			refType = 4;
		};
		1CA4330404D814C200A8030F = {
			fileEncoding = 30;
			isa = PBXFileReference;
			path = BoxCanvas.java;
			refType = 4;
		};
		1CA4330504D814C200A8030F = {
			fileEncoding = 30;
			isa = PBXFileReference;
			path = FCCCanvas.java;
			refType = 4;
		};
		1CA4330604D814C200A8030F = {
			fileEncoding = 30;
			isa = PBXFileReference;
			path = FluctCanvas.java;
			refType = 4;
		};
		1CA4330804D814C200A8030F = {
			fileEncoding = 30;
			isa = PBXFileReference;
			path = LineCanvas.java;
			refType = 4;
		};
		1CA4330904D814C200A8030F = {
			fileEncoding = 30;
			isa = PBXFileReference;
			path = MapCanvas.java;
			refType = 4;
		};
		1CA4330A04D814C200A8030F = {
			fileEncoding = 30;
			isa = PBXFileReference;
			path = PCPCanvas.java;
			refType = 4;
		};
		1CA4330C04D814C200A8030F = {
			fileEncoding = 30;
			isa = PBXFileReference;
			path = ScatterCanvas.java;
			refType = 4;
		};
		1CA4330D04D814C200A8030F = {
			fileRef = 1CA4330304D814C200A8030F;
			isa = PBXBuildFile;
			settings = {
			};
		};
		1CA4330E04D814C200A8030F = {
			fileRef = 1CA4330404D814C200A8030F;
			isa = PBXBuildFile;
			settings = {
			};
		};
		1CA4330F04D814C200A8030F = {
			fileRef = 1CA4330504D814C200A8030F;
			isa = PBXBuildFile;
			settings = {
			};
		};
		1CA4331004D814C200A8030F = {
			fileRef = 1CA4330604D814C200A8030F;
			isa = PBXBuildFile;
			settings = {
			};
		};
		1CA4331204D814C200A8030F = {
			fileRef = 1CA4330804D814C200A8030F;
			isa = PBXBuildFile;
			settings = {
			};
		};
		1CA4331304D814C200A8030F = {
			fileRef = 1CA4330904D814C200A8030F;
			isa = PBXBuildFile;
			settings = {
			};
		};
		1CA4331404D814C200A8030F = {
			fileRef = 1CA4330A04D814C200A8030F;
			isa = PBXBuildFile;
			settings = {
			};
		};
		1CA4331604D814C200A8030F = {
			fileRef = 1CA4330C04D814C200A8030F;
			isa = PBXBuildFile;
			settings = {
			};
		};
		1CA4331904D8184500A8030F = {
			fileEncoding = 30;
			isa = PBXFileReference;
			path = MapSegment.java;
			refType = 4;
		};
		1CA4331A04D8184500A8030F = {
			fileRef = 1CA4331904D8184500A8030F;
			isa = PBXBuildFile;
			settings = {
			};
		};
		1CA4331D04D819B900A8030F = {
			fileEncoding = 4;
			isa = PBXFileReference;
			path = PlotPrimitive.java;
			refType = 4;
		};
		1CA4331E04D819B900A8030F = {
			fileRef = 1CA4331D04D819B900A8030F;
			isa = PBXBuildFile;
			settings = {
			};
		};
		1CA4331F04D81D3700A8030F = {
			fileEncoding = 4;
			isa = PBXFileReference;
			path = MapSegmentEntry.java;
			refType = 4;
		};
		1CA4332004D81D3700A8030F = {
			fileRef = 1CA4331F04D81D3700A8030F;
			isa = PBXBuildFile;
			settings = {
			};
		};
		1CA4332304D820AA00A8030F = {
			fileEncoding = 30;
			isa = PBXFileReference;
			path = MapSegmentTools.java;
			refType = 4;
		};
		1CA4332404D820AA00A8030F = {
			fileRef = 1CA4332304D820AA00A8030F;
			isa = PBXBuildFile;
			settings = {
			};
		};
		1CA4332504D823AE00A8030F = {
			fileEncoding = 30;
			isa = PBXFileReference;
			path = MCPCanvas.java;
			refType = 4;
		};
		1CA4332604D823AE00A8030F = {
			fileRef = 1CA4332504D823AE00A8030F;
			isa = PBXBuildFile;
			settings = {
			};
		};
		1CA4332704D8292E00A8030F = {
			fileEncoding = 4;
			isa = PBXFileReference;
			path = GlobalConfig.java;
			refType = 4;
		};
		1CA4332804D8292E00A8030F = {
			fileRef = 1CA4332704D8292E00A8030F;
			isa = PBXBuildFile;
			settings = {
			};
		};
		1CA4332904D830E500A8030F = {
			fileEncoding = 4;
			isa = PBXFileReference;
			path = DataRoot.java;
			refType = 4;
		};
		1CA4332A04D830E500A8030F = {
			fileRef = 1CA4332904D830E500A8030F;
			isa = PBXBuildFile;
			settings = {
			};
		};
		1CA4332D04D8403200A8030F = {
			fileEncoding = 30;
			isa = PBXFileReference;
			path = SplitEditor.java;
			refType = 4;
		};
		1CA4332E04D8403200A8030F = {
			fileRef = 1CA4332D04D8403200A8030F;
			isa = PBXBuildFile;
			settings = {
			};
		};
		1CA4332F04D840DD00A8030F = {
			fileEncoding = 30;
			isa = PBXFileReference;
			path = PlotLine.java;
			refType = 4;
		};
		1CA4333004D840DD00A8030F = {
			fileRef = 1CA4332F04D840DD00A8030F;
			isa = PBXBuildFile;
			settings = {
			};
		};
		1CC795E1055965C100A8030F = {
			fileEncoding = 30;
			isa = PBXFileReference;
			path = Klimt.mft;
			refType = 4;
		};
		1CC795E2055965C100A8030F = {
			fileRef = 1CC795E1055965C100A8030F;
			isa = PBXBuildFile;
			settings = {
				JAVA_ARCHIVE_SUBDIR = "";
			};
		};
		1CD07DE0057D961400E3263B = {
			fileEncoding = 4;
			isa = PBXFileReference;
			path = HamCanvas.java;
			refType = 4;
		};
		1CD07DE1057D961400E3263B = {
			fileRef = 1CD07DE0057D961400E3263B;
			isa = PBXBuildFile;
			settings = {
			};
		};
		1CD07DE4057E55D000E3263B = {
			fileEncoding = 4;
			isa = PBXFileReference;
			path = Platform.java;
			refType = 4;
		};
		1CD07DE5057E55D000E3263B = {
			fileRef = 1CD07DE4057E55D000E3263B;
			isa = PBXBuildFile;
			settings = {
			};
		};
		1CD07DE6057E58B200E3263B = {
			fileEncoding = 4;
			isa = PBXFileReference;
			path = PlatformMac.java;
			refType = 4;
		};
		1CD07DE7057E58B200E3263B = {
			fileRef = 1CD07DE6057E58B200E3263B;
			isa = PBXBuildFile;
			settings = {
			};
		};
		1CE96E4B04D6D6B300A8030F = {
			fileEncoding = 4;
			isa = PBXFileReference;
			path = TreeEntry.java;
			refType = 4;
		};
		1CE96E4C04D6D6B300A8030F = {
			fileRef = 1CE96E4B04D6D6B300A8030F;
			isa = PBXBuildFile;
			settings = {
			};
		};
		1CE96E4D04D6D71D00A8030F = {
			fileEncoding = 30;
			isa = PBXFileReference;
			path = SNode.java;
			refType = 4;
		};
		1CE96E4E04D6D71D00A8030F = {
			fileRef = 1CE96E4D04D6D71D00A8030F;
			isa = PBXBuildFile;
			settings = {
			};
		};
		1CE96E4F04D6D75200A8030F = {
			fileEncoding = 4;
			isa = PBXFileReference;
			path = TreeRegistry.java;
			refType = 4;
		};
		1CE96E5004D6D75200A8030F = {
			fileRef = 1CE96E4F04D6D75200A8030F;
			isa = PBXBuildFile;
			settings = {
			};
		};
		1CE96E5104D6D86100A8030F = {
			fileEncoding = 30;
			isa = PBXFileReference;
			path = LayerCanvas.java;
			refType = 4;
		};
		1CE96E5204D6D86100A8030F = {
			fileEncoding = 30;
			isa = PBXFileReference;
			path = PGSCanvas.java;
			refType = 4;
		};
		1CE96E5304D6D86100A8030F = {
			fileRef = 1CE96E5104D6D86100A8030F;
			isa = PBXBuildFile;
			settings = {
			};
		};
		1CE96E5404D6D86100A8030F = {
			fileRef = 1CE96E5204D6D86100A8030F;
			isa = PBXBuildFile;
			settings = {
			};
		};
		1CE96E5504D6D8F500A8030F = {
			fileEncoding = 30;
			isa = PBXFileReference;
			path = QueryPopup.java;
			refType = 4;
		};
		1CE96E5604D6D8F500A8030F = {
			fileRef = 1CE96E5504D6D8F500A8030F;
			isa = PBXBuildFile;
			settings = {
			};
		};
		1CE96E5704D6D95900A8030F = {
			fileEncoding = 30;
			isa = PBXFileReference;
			path = PlotManager.java;
			refType = 4;
		};
		1CE96E5804D6D95900A8030F = {
			fileEncoding = 30;
			isa = PBXFileReference;
			path = PlotObject.java;
			refType = 4;
		};
		1CE96E5904D6D95900A8030F = {
			fileRef = 1CE96E5704D6D95900A8030F;
			isa = PBXBuildFile;
			settings = {
			};
		};
		1CE96E5A04D6D95900A8030F = {
			fileRef = 1CE96E5804D6D95900A8030F;
			isa = PBXBuildFile;
			settings = {
			};
		};
		1CE96E5B04D6DA8000A8030F = {
			fileEncoding = 30;
			isa = PBXFileReference;
			path = PlotColor.java;
			refType = 4;
		};
		1CE96E5C04D6DA8000A8030F = {
			fileRef = 1CE96E5B04D6DA8000A8030F;
			isa = PBXBuildFile;
			settings = {
			};
		};
		1CE96E5D04D6DBC800A8030F = {
			fileEncoding = 30;
			isa = PBXFileReference;
			path = Common.java;
			refType = 4;
		};
		1CE96E5E04D6DBC800A8030F = {
			fileRef = 1CE96E5D04D6DBC800A8030F;
			isa = PBXBuildFile;
			settings = {
			};
		};
		1CE96E5F04D6DCFA00A8030F = {
			fileEncoding = 30;
			isa = PBXFileReference;
			path = Stopwatch.java;
			refType = 4;
		};
		1CE96E6004D6DCFA00A8030F = {
			fileRef = 1CE96E5F04D6DCFA00A8030F;
			isa = PBXBuildFile;
			settings = {
			};
		};
		1CE96E6304D6E13D00A8030F = {
			fileEncoding = 30;
			isa = PBXFileReference;
			path = ColorBridge.java;
			refType = 4;
		};
		1CE96E6404D6E13D00A8030F = {
			fileRef = 1CE96E6304D6E13D00A8030F;
			isa = PBXBuildFile;
			settings = {
			};
		};
		1CE96E6504D7D99D00A8030F = {
			children = (
				1CE96E6604D7D99D00A8030F,
				1CE96E6704D7D99D00A8030F,
				1CE96E6804D7D99D00A8030F,
				1CE96E6904D7D99D00A8030F,
				1CE96E6A04D7D99D00A8030F,
				1CE96E6B04D7D99D00A8030F,
				1C8656C2055935FB00A8030F,
				1CE96E6C04D7D99D00A8030F,
				1CE96E6D04D7D99D00A8030F,
				1CE96E6E04D7D99D00A8030F,
				1C8CDCB504F2AF8600A8030F,
			);
			isa = PBXGroup;
			path = JRclient;
			refType = 4;
		};
		1CE96E6604D7D99D00A8030F = {
			fileEncoding = 30;
			isa = PBXFileReference;
			path = jcrypt.java;
			refType = 4;
		};
		1CE96E6704D7D99D00A8030F = {
			fileEncoding = 30;
			isa = PBXFileReference;
			path = RBool.java;
			refType = 4;
		};
		1CE96E6804D7D99D00A8030F = {
			fileEncoding = 30;
			isa = PBXFileReference;
			path = Rconnection.java;
			refType = 4;
		};
		1CE96E6904D7D99D00A8030F = {
			fileEncoding = 30;
			isa = PBXFileReference;
			path = REXP.java;
			refType = 4;
		};
		1CE96E6A04D7D99D00A8030F = {
			fileEncoding = 30;
			isa = PBXFileReference;
			path = RFactor.java;
			refType = 4;
		};
		1CE96E6B04D7D99D00A8030F = {
			fileEncoding = 30;
			isa = PBXFileReference;
			path = RFileInputStream.java;
			refType = 4;
		};
		1CE96E6C04D7D99D00A8030F = {
			fileEncoding = 30;
			isa = PBXFileReference;
			path = RList.java;
			refType = 4;
		};
		1CE96E6D04D7D99D00A8030F = {
			fileEncoding = 30;
			isa = PBXFileReference;
			path = Rpacket.java;
			refType = 4;
		};
		1CE96E6E04D7D99D00A8030F = {
			fileEncoding = 30;
			isa = PBXFileReference;
			path = Rtalk.java;
			refType = 4;
		};
		1CE96E6F04D7D99D00A8030F = {
			fileRef = 1CE96E6604D7D99D00A8030F;
			isa = PBXBuildFile;
			settings = {
			};
		};
		1CE96E7004D7D99D00A8030F = {
			fileRef = 1CE96E6704D7D99D00A8030F;
			isa = PBXBuildFile;
			settings = {
			};
		};
		1CE96E7104D7D99D00A8030F = {
			fileRef = 1CE96E6804D7D99D00A8030F;
			isa = PBXBuildFile;
			settings = {
			};
		};
		1CE96E7204D7D99D00A8030F = {
			fileRef = 1CE96E6904D7D99D00A8030F;
			isa = PBXBuildFile;
			settings = {
			};
		};
		1CE96E7304D7D99D00A8030F = {
			fileRef = 1CE96E6A04D7D99D00A8030F;
			isa = PBXBuildFile;
			settings = {
			};
		};
		1CE96E7404D7D99D00A8030F = {
			fileRef = 1CE96E6B04D7D99D00A8030F;
			isa = PBXBuildFile;
			settings = {
			};
		};
		1CE96E7504D7D99D00A8030F = {
			fileRef = 1CE96E6C04D7D99D00A8030F;
			isa = PBXBuildFile;
			settings = {
			};
		};
		1CE96E7604D7D99D00A8030F = {
			fileRef = 1CE96E6D04D7D99D00A8030F;
			isa = PBXBuildFile;
			settings = {
			};
		};
		1CE96E7704D7D99D00A8030F = {
			fileRef = 1CE96E6E04D7D99D00A8030F;
			isa = PBXBuildFile;
			settings = {
			};
		};
		1CE96E7804D7E7BA00A8030F = {
			fileEncoding = 30;
			isa = PBXFileReference;
			path = SplashScreen.java;
			refType = 4;
		};
		1CE96E7904D7E7BA00A8030F = {
			fileRef = 1CE96E7804D7E7BA00A8030F;
			isa = PBXBuildFile;
			settings = {
			};
		};
		1CE96E7A04D7E9D300A8030F = {
			fileEncoding = 4;
			isa = PBXFileReference;
			path = KlimtSplash.java;
			refType = 4;
		};
		1CE96E7B04D7E9D300A8030F = {
			fileRef = 1CE96E7A04D7E9D300A8030F;
			isa = PBXBuildFile;
			settings = {
			};
		};
		1CE96E7D04D7ED0900A8030F = {
			fileEncoding = 4;
			isa = PBXFileReference;
			path = Loader.java;
			refType = 4;
		};
		1CE96E7E04D7ED0900A8030F = {
			fileRef = 1CE96E7D04D7ED0900A8030F;
			isa = PBXBuildFile;
			settings = {
			};
		};
		1CE96E7F04D7EE4B00A8030F = {
			fileEncoding = 4;
			isa = PBXFileReference;
			path = TreeLoader.java;
			refType = 4;
		};
		1CE96E8004D7EE4B00A8030F = {
			fileRef = 1CE96E7F04D7EE4B00A8030F;
			isa = PBXBuildFile;
			settings = {
			};
		};
		1CE96E8104D7F47400A8030F = {
			fileEncoding = 4;
			isa = PBXFileReference;
			path = PlatformMac.java;
			refType = 4;
		};
		1CE96E8204D7F47400A8030F = {
			fileRef = 1CE96E8104D7F47400A8030F;
			isa = PBXBuildFile;
			settings = {
			};
		};
		1CE96E8304D7F74100A8030F = {
			fileEncoding = 4;
			isa = PBXFileReference;
			path = Global.java;
			refType = 4;
		};
		1CE96E8404D7F74100A8030F = {
			fileRef = 1CE96E8304D7F74100A8030F;
			isa = PBXBuildFile;
			settings = {
			};
		};
		1CE96E8704D8003800A8030F = {
			fileEncoding = 30;
			isa = PBXFileReference;
			path = Klimt.java;
			refType = 4;
		};
		1CE96E8804D8003800A8030F = {
			fileRef = 1CE96E8704D8003800A8030F;
			isa = PBXBuildFile;
			settings = {
			};
		};
		1CE96E8904D8010600A8030F = {
			children = (
				1CE96E8A04D8010600A8030F,
				1C37F17F04D84ADE00A8030F,
				1CA4332504D823AE00A8030F,
				1CE96E8B04D8010600A8030F,
				1C37F18904D8681400A8030F,
				1CE96E8C04D8010600A8030F,
				1CE96E8D04D8010600A8030F,
				1CE96E8E04D8010600A8030F,
				1CE96E8F04D8010600A8030F,
			);
			isa = PBXGroup;
			path = plots;
			refType = 4;
		};
		1CE96E8A04D8010600A8030F = {
			fileEncoding = 30;
			isa = PBXFileReference;
			path = DevCanvas.java;
			refType = 4;
		};
		1CE96E8B04D8010600A8030F = {
			fileEncoding = 30;
			isa = PBXFileReference;
			path = MosaicCanvas.java;
			refType = 4;
		};
		1CE96E8C04D8010600A8030F = {
			fileEncoding = 30;
			isa = PBXFileReference;
			path = TInfoCanvas.java;
			refType = 4;
		};
		1CE96E8D04D8010600A8030F = {
			fileEncoding = 30;
			isa = PBXFileReference;
			path = TNodeListCanvas.java;
			refType = 4;
		};
		1CE96E8E04D8010600A8030F = {
			fileEncoding = 30;
			isa = PBXFileReference;
			path = TreeCanvas.java;
			refType = 4;
		};
		1CE96E8F04D8010600A8030F = {
			fileEncoding = 30;
			isa = PBXFileReference;
			path = TreeFlowCanvas.java;
			refType = 4;
		};
		1CE96E9004D8010600A8030F = {
			fileRef = 1CE96E8A04D8010600A8030F;
			isa = PBXBuildFile;
			settings = {
			};
		};
		1CE96E9104D8010600A8030F = {
			fileRef = 1CE96E8B04D8010600A8030F;
			isa = PBXBuildFile;
			settings = {
			};
		};
		1CE96E9204D8010600A8030F = {
			fileRef = 1CE96E8C04D8010600A8030F;
			isa = PBXBuildFile;
			settings = {
			};
		};
		1CE96E9304D8010600A8030F = {
			fileRef = 1CE96E8D04D8010600A8030F;
			isa = PBXBuildFile;
			settings = {
			};
		};
		1CE96E9404D8010600A8030F = {
			fileRef = 1CE96E8E04D8010600A8030F;
			isa = PBXBuildFile;
			settings = {
			};
		};
		1CE96E9504D8010600A8030F = {
			fileRef = 1CE96E8F04D8010600A8030F;
			isa = PBXBuildFile;
			settings = {
			};
		};
		1CE96E9604D8024000A8030F = {
			fileEncoding = 30;
			isa = PBXFileReference;
			path = DBCanvas.java;
			refType = 4;
		};
		1CE96E9704D8024000A8030F = {
			fileRef = 1CE96E9604D8024000A8030F;
			isa = PBXBuildFile;
			settings = {
			};
		};
		1CE96E9804D8026C00A8030F = {
			fileEncoding = 30;
			isa = PBXFileReference;
			path = VarFrame.java;
			refType = 4;
		};
		1CE96E9904D8026C00A8030F = {
			fileRef = 1CE96E9804D8026C00A8030F;
			isa = PBXBuildFile;
			settings = {
			};
		};
		1CE96E9A04D8036F00A8030F = {
			fileEncoding = 30;
			isa = PBXFileReference;
			path = HelpFrame.java;
			refType = 4;
		};
		1CE96E9B04D8036F00A8030F = {
			fileRef = 1CE96E9A04D8036F00A8030F;
			isa = PBXBuildFile;
			settings = {
			};
		};
		1CE96FF004D808CA00A8030F = {
			fileEncoding = 30;
			isa = PBXFileReference;
			path = WinListener.java;
			refType = 4;
		};
		1CE96FF104D808CA00A8030F = {
			fileRef = 1CE96FF004D808CA00A8030F;
			isa = PBXBuildFile;
			settings = {
			};
		};
		1CE96FF204D80BD100A8030F = {
			fileEncoding = 30;
			isa = PBXFileReference;
			path = ProgressDlg.java;
			refType = 4;
		};
		1CE96FF304D80BD100A8030F = {
			fileRef = 1CE96FF204D80BD100A8030F;
			isa = PBXBuildFile;
			settings = {
			};
		};
		1CE96FF404D80DC700A8030F = {
			fileEncoding = 4;
			isa = PBXFileReference;
			path = RootInfo.java;
			refType = 4;
		};
		1CE96FF504D80DC700A8030F = {
			fileRef = 1CE96FF404D80DC700A8030F;
			isa = PBXBuildFile;
			settings = {
			};
		};
//1C0
//1C1
//1C2
//1C3
//1C4
//6A0
//6A1
//6A2
//6A3
//6A4
		6A88643101E695080CC91562 = {
			buildActionMask = 2147483647;
			files = (
			);
			generatedFileNames = (
			);
			isa = PBXShellScriptBuildPhase;
			neededFileNames = (
			);
			runOnlyForDeploymentPostprocessing = 0;
			shellPath = /bin/sh;
			shellScript = "if [ \"${TARGET_BUILD_DIR}\" = \"\" ]; \nthen\n    TARGET_BUILD_DIR=${BUILD_DIR}\nfi\n\nALERTSTRINGS=\"OldJavaAlert.strings\"\nAPPLAUNCHRESDIR=\"/System/Library/PrivateFrameworks/JavaApplicationLauncher.framework/Resources\";\nLSH=`/bin/ls $APPLAUNCHRESDIR | /usr/bin/grep lproj`;\nRESOURCEDIR=\"${TARGET_BUILD_DIR}/$TARGET_NAME.app/Contents/Resources\"\n\nfor COPYDIR in $LSH\ndo\n        /bin/mkdir -p $RESOURCEDIR/$COPYDIR\n        /bin/cp \"$APPLAUNCHRESDIR/$COPYDIR/$ALERTSTRINGS\" \"$RESOURCEDIR/$COPYDIR\"\ndone";
		};
		6A9C778D023ECD530CC91562 = {
			children = (
				10F9BF62FEEDA25E11DB9C8B,
				1C37F18704D85FE600A8030F,
				1CC795E1055965C100A8030F,
			);
			isa = PBXGroup;
			name = Resources;
			refType = 4;
		};
//6A0
//6A1
//6A2
//6A3
//6A4
//F80
//F81
//F82
//F83
//F84
		F8D5EAB305C527D300071680 = {
			fileEncoding = 30;
			isa = PBXFileReference;
			path = SVarFixFact.java;
			refType = 4;
		};
		F8D5EAB405C527D300071680 = {
			fileRef = F8D5EAB305C527D300071680;
			isa = PBXBuildFile;
			settings = {
			};
		};
		F8EE90F804D6A73600FA4796 = {
			children = (
				F8EE90F904D6A73600FA4796,
			);
			isa = PBXGroup;
			name = org;
			path = ../../..;
			refType = 2;
		};
		F8EE90F904D6A73600FA4796 = {
			children = (
				F8EE90FA04D6A73600FA4796,
				F8EE910904D6A73600FA4796,
				F8EE910A04D6A73600FA4796,
				F8EE911104D6A73700FA4796,
				F8EE911F04D6A73700FA4796,
				1CE96E6504D7D99D00A8030F,
				1C4A15D104D93C2000A8030F,
				1C5ECE42056D4FE700582247,
			);
			isa = PBXGroup;
			path = rosuda;
			refType = 4;
		};
		F8EE90FA04D6A73600FA4796 = {
			children = (
				F8EE914C04D6A94500FA4796,
				1CE96E5D04D6DBC800A8030F,
				1CE96E9604D8024000A8030F,
				F8EE90FB04D6A73600FA4796,
				1CE96E7D04D7ED0900A8030F,
				1CA4331904D8184500A8030F,
				1CA4331F04D81D3700A8030F,
				F8EE90FC04D6A73600FA4796,
				F8EE914A04D6A8E600FA4796,
				F8EE914E04D6A9A700FA4796,
				F8EE90FE04D6A73600FA4796,
				F8EE90FF04D6A73600FA4796,
				F8EE910004D6A73600FA4796,
				1C9A86D6066173CC00FA73AE,
				1C9A86D7066173CC00FA73AE,
				1C9A86D9066173CC00FA73AE,
				1C98B802056C1F9000796AE6,
				F8D5EAB305C527D300071680,
				1C9A86D8066173CC00FA73AE,
				1C98B803056C1F9000796AE6,
				F8EE90FD04D6A73600FA4796,
				F8EE910104D6A73600FA4796,
			);
			isa = PBXGroup;
			path = ibase;
			refType = 4;
		};
		F8EE90FB04D6A73600FA4796 = {
			fileEncoding = 30;
			isa = PBXFileReference;
			path = Dependent.java;
			refType = 4;
		};
		F8EE90FC04D6A73600FA4796 = {
			fileEncoding = 30;
			isa = PBXFileReference;
			path = Notifier.java;
			refType = 4;
		};
		F8EE90FD04D6A73600FA4796 = {
			children = (
				1CA4330304D814C200A8030F,
				1CA4330404D814C200A8030F,
				1CD07DE0057D961400E3263B,
				1C37F18504D85C5F00A8030F,
				1CA4330504D814C200A8030F,
				1CA4330604D814C200A8030F,
				1C993595058F776F0040221D,
				1CA4330804D814C200A8030F,
				1CA4330904D814C200A8030F,
				1CA4330A04D814C200A8030F,
				1CA4330C04D814C200A8030F,
			);
			isa = PBXGroup;
			path = plots;
			refType = 4;
		};
		F8EE90FE04D6A73600FA4796 = {
			fileEncoding = 30;
			isa = PBXFileReference;
			path = SMarker.java;
			refType = 4;
		};
		F8EE90FF04D6A73600FA4796 = {
			fileEncoding = 30;
			isa = PBXFileReference;
			path = SVar.java;
			refType = 4;
		};
		F8EE910004D6A73600FA4796 = {
			fileEncoding = 30;
			isa = PBXFileReference;
			path = SVarSet.java;
			refType = 4;
		};
		F8EE910104D6A73600FA4796 = {
			children = (
				F8EE910204D6A73600FA4796,
				F8EE910304D6A73600FA4796,
				F8EE910404D6A73600FA4796,
				1CE96E6304D6E13D00A8030F,
				F8EE910504D6A73600FA4796,
				1CE96E5104D6D86100A8030F,
				1CA4332304D820AA00A8030F,
				1CE96E5204D6D86100A8030F,
				1CE96E5B04D6DA8000A8030F,
				1CA4332F04D840DD00A8030F,
				1CE96E5704D6D95900A8030F,
				1CE96E5804D6D95900A8030F,
				1C4A15D404D93F5E00A8030F,
				1CA4331D04D819B900A8030F,
				1C8656BA055935AE00A8030F,
				1C166470058E084200A30C14,
				1C8656BB055935AE00A8030F,
				1C8656BC055935AE00A8030F,
				1C8656BD055935AE00A8030F,
				1C1881420584189F004683DA,
				1C4A15D504D93F5E00A8030F,
				1CE96E5504D6D8F500A8030F,
				1CE96E7804D7E7BA00A8030F,
				F8EE910604D6A73600FA4796,
				F8EE910704D6A73600FA4796,
				F8EE910804D6A73600FA4796,
				1C9A86CE0661736700FA73AE,
				1C9A86CF0661736700FA73AE,
				1CE96FF004D808CA00A8030F,
			);
			isa = PBXGroup;
			path = toolkit;
			refType = 4;
		};
		F8EE910204D6A73600FA4796 = {
			fileEncoding = 30;
			isa = PBXFileReference;
			path = Axis.java;
			refType = 4;
		};
		F8EE910304D6A73600FA4796 = {
			fileEncoding = 30;
			isa = PBXFileReference;
			path = AxisCatSequence.java;
			refType = 4;
		};
		F8EE910404D6A73600FA4796 = {
			fileEncoding = 30;
			isa = PBXFileReference;
			path = BaseCanvas.java;
			refType = 4;
		};
		F8EE910504D6A73600FA4796 = {
			fileEncoding = 30;
			isa = PBXFileReference;
			path = EzMenu.java;
			refType = 4;
		};
		F8EE910604D6A73600FA4796 = {
			fileEncoding = 30;
			isa = PBXFileReference;
			path = TFrame.java;
			refType = 4;
		};
		F8EE910704D6A73600FA4796 = {
			fileEncoding = 30;
			isa = PBXFileReference;
			path = WinTracker.java;
			refType = 4;
		};
		F8EE910804D6A73600FA4796 = {
			fileEncoding = 30;
			isa = PBXFileReference;
			path = WTentry.java;
			refType = 4;
		};
		F8EE910904D6A73600FA4796 = {
			children = (
				1CA4332904D830E500A8030F,
				1CE96E9A04D8036F00A8030F,
				1CE96E8704D8003800A8030F,
				1CE96E7A04D7E9D300A8030F,
				1C37F18304D84C3000A8030F,
				1CE96E8104D7F47400A8030F,
				1CE96FF404D80DC700A8030F,
				1CE96E4D04D6D71D00A8030F,
				1CA4332D04D8403200A8030F,
				1CE96E4B04D6D6B300A8030F,
				1CE96E4F04D6D75200A8030F,
				1CE96E7F04D7EE4B00A8030F,
				1CE96E9804D8026C00A8030F,
				1CE96E8904D8010600A8030F,
			);
			isa = PBXGroup;
			path = klimt;
			refType = 4;
		};
		F8EE910A04D6A73600FA4796 = {
			children = (
				F8EE910B04D6A73600FA4796,
				F8EE910C04D6A73600FA4796,
				F8EE910D04D6A73700FA4796,
				F8EE910E04D6A73700FA4796,
				F8EE910F04D6A73700FA4796,
				F8EE911004D6A73700FA4796,
			);
			isa = PBXGroup;
			path = plugins;
			refType = 4;
		};
		F8EE910B04D6A73600FA4796 = {
			fileEncoding = 30;
			isa = PBXFileReference;
			path = Plugin.java;
			refType = 4;
		};
		F8EE910C04D6A73600FA4796 = {
			fileEncoding = 30;
			isa = PBXFileReference;
			path = PluginDeriveVar.java;
			refType = 4;
		};
		F8EE910D04D6A73700FA4796 = {
			fileEncoding = 30;
			isa = PBXFileReference;
			path = PluginGetTreeR.java;
			refType = 4;
		};
		F8EE910E04D6A73700FA4796 = {
			fileEncoding = 30;
			isa = PBXFileReference;
			path = PluginManager.java;
			refType = 4;
		};
		F8EE910F04D6A73700FA4796 = {
			fileEncoding = 30;
			isa = PBXFileReference;
			path = PluginStartRserve.java;
			refType = 4;
		};
		F8EE911004D6A73700FA4796 = {
			fileEncoding = 30;
			isa = PBXFileReference;
			path = PluginTable.java;
			refType = 4;
		};
		F8EE911104D6A73700FA4796 = {
			children = (
				F8EE911204D6A73700FA4796,
				F8EE911304D6A73700FA4796,
				F8EE911404D6A73700FA4796,
				F8EE911504D6A73700FA4796,
				F8EE911604D6A73700FA4796,
				F8EE911704D6A73700FA4796,
			);
			isa = PBXGroup;
			path = pograss;
			refType = 4;
		};
		F8EE911204D6A73700FA4796 = {
			fileEncoding = 30;
			isa = PBXFileReference;
			path = PoGraSS.java;
			refType = 4;
		};
		F8EE911304D6A73700FA4796 = {
			fileEncoding = 30;
			isa = PBXFileReference;
			path = PoGraSSgraphics.java;
			refType = 4;
		};
		F8EE911404D6A73700FA4796 = {
			fileEncoding = 30;
			isa = PBXFileReference;
			path = PoGraSSmeta.java;
			refType = 4;
		};
		F8EE911504D6A73700FA4796 = {
			fileEncoding = 30;
			isa = PBXFileReference;
			path = PoGraSSPDF.java;
			refType = 4;
		};
		F8EE911604D6A73700FA4796 = {
			fileEncoding = 30;
			isa = PBXFileReference;
			path = PoGraSSPS.java;
			refType = 4;
		};
		F8EE911704D6A73700FA4796 = {
			fileEncoding = 30;
			isa = PBXFileReference;
			path = PoGraSSSVG.java;
			refType = 4;
		};
		F8EE911F04D6A73700FA4796 = {
			children = (
				1CE96E8304D7F74100A8030F,
				1CA4332704D8292E00A8030F,
				F8EE912004D6A73700FA4796,
				F8EE912104D6A73700FA4796,
				F8EE912204D6A73700FA4796,
				F8EE912304D6A73700FA4796,
				F8EE912404D6A73700FA4796,
				F8EE912504D6A73700FA4796,
				1CE96FF204D80BD100A8030F,
				1C4BC7D6052F03BB00A8030F,
				1C9A86D20661738000FA73AE,
				1C9A86D30661738000FA73AE,
				1CE96E5F04D6DCFA00A8030F,
				F8EE912604D6A73700FA4796,
			);
			isa = PBXGroup;
			path = util;
			refType = 4;
		};
		F8EE912004D6A73700FA4796 = {
			fileEncoding = 30;
			isa = PBXFileReference;
			path = MsgDialog.java;
			refType = 4;
		};
		F8EE912104D6A73700FA4796 = {
			fileEncoding = 30;
			isa = PBXFileReference;
			path = Node.java;
			refType = 4;
		};
		F8EE912204D6A73700FA4796 = {
			fileEncoding = 30;
			isa = PBXFileReference;
			path = PDFconstructor.java;
			refType = 4;
		};
		F8EE912304D6A73700FA4796 = {
			fileEncoding = 30;
			isa = PBXFileReference;
			path = Platform.java;
			refType = 4;
		};
		F8EE912404D6A73700FA4796 = {
			fileEncoding = 30;
			isa = PBXFileReference;
			path = PlatformMac.java;
			refType = 4;
		};
		F8EE912504D6A73700FA4796 = {
			fileEncoding = 30;
			isa = PBXFileReference;
			path = PlatformWin.java;
			refType = 4;
		};
		F8EE912604D6A73700FA4796 = {
			fileEncoding = 30;
			isa = PBXFileReference;
			path = Tools.java;
			refType = 4;
		};
		F8EE912704D6A73700FA4796 = {
			fileRef = F8EE90FB04D6A73600FA4796;
			isa = PBXBuildFile;
			settings = {
			};
		};
		F8EE912804D6A73700FA4796 = {
			fileRef = F8EE90FC04D6A73600FA4796;
			isa = PBXBuildFile;
			settings = {
			};
		};
		F8EE912904D6A73700FA4796 = {
			fileRef = F8EE90FE04D6A73600FA4796;
			isa = PBXBuildFile;
			settings = {
			};
		};
		F8EE912A04D6A73700FA4796 = {
			fileRef = F8EE90FF04D6A73600FA4796;
			isa = PBXBuildFile;
			settings = {
			};
		};
		F8EE912B04D6A73700FA4796 = {
			fileRef = F8EE910004D6A73600FA4796;
			isa = PBXBuildFile;
			settings = {
			};
		};
		F8EE912C04D6A73700FA4796 = {
			fileRef = F8EE910204D6A73600FA4796;
			isa = PBXBuildFile;
			settings = {
			};
		};
		F8EE912D04D6A73700FA4796 = {
			fileRef = F8EE910304D6A73600FA4796;
			isa = PBXBuildFile;
			settings = {
			};
		};
		F8EE912E04D6A73700FA4796 = {
			fileRef = F8EE910404D6A73600FA4796;
			isa = PBXBuildFile;
			settings = {
			};
		};
		F8EE912F04D6A73700FA4796 = {
			fileRef = F8EE910504D6A73600FA4796;
			isa = PBXBuildFile;
			settings = {
			};
		};
		F8EE913004D6A73700FA4796 = {
			fileRef = F8EE910604D6A73600FA4796;
			isa = PBXBuildFile;
			settings = {
			};
		};
		F8EE913104D6A73700FA4796 = {
			fileRef = F8EE910704D6A73600FA4796;
			isa = PBXBuildFile;
			settings = {
			};
		};
		F8EE913204D6A73700FA4796 = {
			fileRef = F8EE910804D6A73600FA4796;
			isa = PBXBuildFile;
			settings = {
			};
		};
		F8EE913304D6A73700FA4796 = {
			fileRef = F8EE910B04D6A73600FA4796;
			isa = PBXBuildFile;
			settings = {
			};
		};
		F8EE913404D6A73700FA4796 = {
			fileRef = F8EE910C04D6A73600FA4796;
			isa = PBXBuildFile;
			settings = {
			};
		};
		F8EE913504D6A73700FA4796 = {
			fileRef = F8EE910D04D6A73700FA4796;
			isa = PBXBuildFile;
			settings = {
			};
		};
		F8EE913604D6A73700FA4796 = {
			fileRef = F8EE910E04D6A73700FA4796;
			isa = PBXBuildFile;
			settings = {
			};
		};
		F8EE913704D6A73700FA4796 = {
			fileRef = F8EE910F04D6A73700FA4796;
			isa = PBXBuildFile;
			settings = {
			};
		};
		F8EE913804D6A73700FA4796 = {
			fileRef = F8EE911004D6A73700FA4796;
			isa = PBXBuildFile;
			settings = {
			};
		};
		F8EE913904D6A73700FA4796 = {
			fileRef = F8EE911204D6A73700FA4796;
			isa = PBXBuildFile;
			settings = {
			};
		};
		F8EE913A04D6A73700FA4796 = {
			fileRef = F8EE911304D6A73700FA4796;
			isa = PBXBuildFile;
			settings = {
			};
		};
		F8EE913B04D6A73700FA4796 = {
			fileRef = F8EE911404D6A73700FA4796;
			isa = PBXBuildFile;
			settings = {
			};
		};
		F8EE913C04D6A73700FA4796 = {
			fileRef = F8EE911504D6A73700FA4796;
			isa = PBXBuildFile;
			settings = {
			};
		};
		F8EE913D04D6A73700FA4796 = {
			fileRef = F8EE911604D6A73700FA4796;
			isa = PBXBuildFile;
			settings = {
			};
		};
		F8EE914304D6A73700FA4796 = {
			fileRef = F8EE912004D6A73700FA4796;
			isa = PBXBuildFile;
			settings = {
			};
		};
		F8EE914404D6A73700FA4796 = {
			fileRef = F8EE912104D6A73700FA4796;
			isa = PBXBuildFile;
			settings = {
			};
		};
		F8EE914504D6A73700FA4796 = {
			fileRef = F8EE912204D6A73700FA4796;
			isa = PBXBuildFile;
			settings = {
			};
		};
		F8EE914604D6A73700FA4796 = {
			fileRef = F8EE912304D6A73700FA4796;
			isa = PBXBuildFile;
			settings = {
			};
		};
		F8EE914704D6A73700FA4796 = {
			fileRef = F8EE912404D6A73700FA4796;
			isa = PBXBuildFile;
			settings = {
			};
		};
		F8EE914804D6A73700FA4796 = {
			fileRef = F8EE912504D6A73700FA4796;
			isa = PBXBuildFile;
			settings = {
			};
		};
		F8EE914904D6A73700FA4796 = {
			fileRef = F8EE912604D6A73700FA4796;
			isa = PBXBuildFile;
			settings = {
			};
		};
		F8EE914A04D6A8E600FA4796 = {
			fileEncoding = 30;
			isa = PBXFileReference;
			path = NotifyMsg.java;
			refType = 4;
		};
		F8EE914B04D6A8E600FA4796 = {
			fileRef = F8EE914A04D6A8E600FA4796;
			isa = PBXBuildFile;
			settings = {
			};
		};
		F8EE914C04D6A94500FA4796 = {
			fileEncoding = 30;
			isa = PBXFileReference;
			path = Commander.java;
			refType = 4;
		};
		F8EE914D04D6A94500FA4796 = {
			fileRef = F8EE914C04D6A94500FA4796;
			isa = PBXBuildFile;
			settings = {
			};
		};
		F8EE914E04D6A9A700FA4796 = {
			fileEncoding = 30;
			isa = PBXFileReference;
			path = SCatSequence.java;
			refType = 4;
		};
		F8EE914F04D6A9A700FA4796 = {
			fileRef = F8EE914E04D6A9A700FA4796;
			isa = PBXBuildFile;
			settings = {
			};
		};
	};
	rootObject = 01F12F4CFEC8CE2211DB9C8B;
}
